
Microsoft Visual Studio Solution File, Format Version 12.00
# Visual Studio Version 16
VisualStudioVersion = 16.0.30907.101
MinimumVisualStudioVersion = 10.0.40219.1
Project("{9A19103F-16F7-4668-BE54-9A1E7A4F7556}") = "StoreSolidConsoleApp", "StoreSolidConsoleApp\StoreSolidConsoleApp.csproj", "{6BC0FB25-4EF9-420E-9936-26FBF081016C}"
EndProject
Project("{9A19103F-16F7-4668-BE54-9A1E7A4F7556}") = "StoreSolidTestProject", "StoreSolidTestProject\StoreSolidTestProject.csproj", "{7CC263F6-A12A-4F16-8768-D8159BEDD6F2}"
EndProject
Global
	GlobalSection(SolutionConfigurationPlatforms) = preSolution
		Debug|Any CPU = Debug|Any CPU
		Release|Any CPU = Release|Any CPU
	EndGlobalSection
	GlobalSection(ProjectConfigurationPlatforms) = postSolution
		{6BC0FB25-4EF9-420E-9936-26FBF081016C}.Debug|Any CPU.ActiveCfg = Debug|Any CPU
		{6BC0FB25-4EF9-420E-9936-26FBF081016C}.Debug|Any CPU.Build.0 = Debug|Any CPU
		{6BC0FB25-4EF9-420E-9936-26FBF081016C}.Release|Any CPU.ActiveCfg = Release|Any CPU
		{6BC0FB25-4EF9-420E-9936-26FBF081016C}.Release|Any CPU.Build.0 = Release|Any CPU
		{7CC263F6-A12A-4F16-8768-D8159BEDD6F2}.Debug|Any CPU.ActiveCfg = Debug|Any CPU
		{7CC263F6-A12A-4F16-8768-D8159BEDD6F2}.Debug|Any CPU.Build.0 = Debug|Any CPU
		{7CC263F6-A12A-4F16-8768-D8159BEDD6F2}.Release|Any CPU.ActiveCfg = Release|Any CPU
		{7CC263F6-A12A-4F16-8768-D8159BEDD6F2}.Release|Any CPU.Build.0 = Release|Any CPU
	EndGlobalSection
	GlobalSection(SolutionProperties) = preSolution
		HideSolutionNode = FALSE
	EndGlobalSection
	GlobalSection(ExtensibilityGlobals) = postSolution
		SolutionGuid = {136FE41D-95A0-4798-95DA-0B0F94D05E9F}
	EndGlobalSection
EndGlobal
